
Microsoft Visual Studio Solution File, Format Version 12.00
# Visual Studio 15
VisualStudioVersion = 15.0.28307.168
MinimumVisualStudioVersion = 10.0.40219.1
Project("{2150E333-8FDC-42A3-9474-1A3956D46DE8}") = "Exercise2", "Exercise2", "{17EF410E-2FB2-47F1-98F8-AEDBC2FCFC86}"
EndProject
Project("{888888A0-9F3D-457C-B088-3A5042F75D52}") = "E2.01", "E2.1\E2.01.pyproj", "{23FC6DF9-C382-43BD-805B-038C9F7653B2}"
EndProject
Project("{888888A0-9F3D-457C-B088-3A5042F75D52}") = "E2.02", "E2.2\E2.02.pyproj", "{EF6238E0-8B40-4E2E-AE97-A7A3D786060A}"
EndProject
Project("{888888A0-9F3D-457C-B088-3A5042F75D52}") = "E2.03", "E2.3\E2.03.pyproj", "{44A2B3D5-0EF1-49A2-B93F-5EBE2782350B}"
EndProject
Project("{888888A0-9F3D-457C-B088-3A5042F75D52}") = "E2.04", "E2.4\E2.04.pyproj", "{C0019196-06DE-4773-94E7-E85FAA959DC8}"
EndProject
Project("{888888A0-9F3D-457C-B088-3A5042F75D52}") = "E2.05", "E2.5\E2.05.pyproj", "{B754AF56-2ED3-47A2-AA87-5175F7059ACD}"
EndProject
Project("{888888A0-9F3D-457C-B088-3A5042F75D52}") = "E2.06", "E2.6\E2.06.pyproj", "{1C675ED4-BA36-445D-8043-D27B649A3D99}"
EndProject
Project("{888888A0-9F3D-457C-B088-3A5042F75D52}") = "E2.07", "E2.7\E2.07.pyproj", "{8CFEDB3E-A559-4A93-AE91-BB3C9820E73B}"
EndProject
Project("{888888A0-9F3D-457C-B088-3A5042F75D52}") = "E2.08", "E2.8\E2.08.pyproj", "{D1628F9C-7567-4656-A784-DFF070E71001}"
EndProject
Project("{888888A0-9F3D-457C-B088-3A5042F75D52}") = "E2.09", "E2.9\E2.09.pyproj", "{66FB16E1-8C40-45F2-86D8-24066F73C730}"
EndProject
Project("{888888A0-9F3D-457C-B088-3A5042F75D52}") = "E2.10", "E2.10\E2.10.pyproj", "{336E7D6D-B1F9-4DB1-AE38-89C6E4D8125D}"
EndProject
Project("{888888A0-9F3D-457C-B088-3A5042F75D52}") = "E2.11", "E2.11\E2.11.pyproj", "{C9C46181-5FDE-4D6C-9B2C-E5CD5E9654E2}"
EndProject
Project("{888888A0-9F3D-457C-B088-3A5042F75D52}") = "E2.12", "E2.12\E2.12.pyproj", "{A035A58D-54B1-4FF9-A0F2-54B9FEFC90A6}"
EndProject
Project("{888888A0-9F3D-457C-B088-3A5042F75D52}") = "E2.13", "E2.13\E2.13.pyproj", "{87453640-B540-48C4-88B7-5C68C8E6390A}"
EndProject
Project("{888888A0-9F3D-457C-B088-3A5042F75D52}") = "E2.14", "E2.14\E2.14.pyproj", "{C6428BA1-DF6E-42D2-93BF-321006F51A51}"
EndProject
Project("{888888A0-9F3D-457C-B088-3A5042F75D52}") = "E2.15", "E2.15\E2.15.pyproj", "{96B8273E-21EE-4770-9778-74A651A6E1A0}"
EndProject
Project("{888888A0-9F3D-457C-B088-3A5042F75D52}") = "E2.16", "E2.16\E2.16.pyproj", "{50DC48BD-CFA3-427C-BB44-D8473880EAE6}"
EndProject
Project("{888888A0-9F3D-457C-B088-3A5042F75D52}") = "E2.17", "E2.17\E2.17.pyproj", "{A4C122A6-298C-47F9-92C9-7C2A623FD39A}"
EndProject
Project("{888888A0-9F3D-457C-B088-3A5042F75D52}") = "E2.18", "E2.18\E2.18.pyproj", "{410ED33E-B1A1-4488-AC50-AB48604D63F9}"
EndProject
Project("{888888A0-9F3D-457C-B088-3A5042F75D52}") = "E2.19", "E2.19\E2.19.pyproj", "{FF10F7FA-4667-46CC-8F6D-8A4DF16BB75C}"
EndProject
Project("{888888A0-9F3D-457C-B088-3A5042F75D52}") = "E2.20", "E2.20\E2.20.pyproj", "{37B95EED-6CF3-481C-A968-D32B0EDF5906}"
EndProject
Project("{888888A0-9F3D-457C-B088-3A5042F75D52}") = "E2.21", "E2.21\E2.21.pyproj", "{FCBEBEE3-23FB-43A6-9B32-1312C0E70A06}"
EndProject
Project("{888888A0-9F3D-457C-B088-3A5042F75D52}") = "E2.22", "E2.22\E2.22.pyproj", "{DA975304-C48C-483E-A697-FE5A36AD7361}"
EndProject
Project("{2150E333-8FDC-42A3-9474-1A3956D46DE8}") = "Exercise3", "Exercise3", "{7FD19EBE-4E6A-4D9F-A6C7-22A566217025}"
EndProject
Project("{888888A0-9F3D-457C-B088-3A5042F75D52}") = "E3.01", "E3.1\E3.01.pyproj", "{19E9280F-138F-4E08-B6AE-A17BAFB2E891}"
EndProject
Project("{888888A0-9F3D-457C-B088-3A5042F75D52}") = "E3.02", "E3.2\E3.02.pyproj", "{EE5266EF-BE14-49D4-84D8-B2535A1D44A9}"
EndProject
Project("{888888A0-9F3D-457C-B088-3A5042F75D52}") = "E3.03", "E3.3\E3.03.pyproj", "{47D103C2-1915-4B29-84FD-0C68317F52F4}"
EndProject
Project("{888888A0-9F3D-457C-B088-3A5042F75D52}") = "E3.04", "の。4\E3.04.pyproj", "{13C41C06-5853-41F4-AB0F-6154D434D7F9}"
EndProject
Project("{888888A0-9F3D-457C-B088-3A5042F75D52}") = "E3.05", "E3.5\E3.05.pyproj", "{89157352-F29F-46F1-8FFD-3A71DEAF36DA}"
EndProject
Project("{888888A0-9F3D-457C-B088-3A5042F75D52}") = "E3.06", "E3.6\E3.06.pyproj", "{42746B89-09B6-4CFB-8893-FEF3F624F31D}"
EndProject
Project("{888888A0-9F3D-457C-B088-3A5042F75D52}") = "E3.07", "E3.7\E3.07.pyproj", "{49987668-2251-44EA-BEE8-35685D4AE93F}"
EndProject
Project("{888888A0-9F3D-457C-B088-3A5042F75D52}") = "E3.08", "E3.8\E3.08.pyproj", "{04071C2E-1263-4FF4-B7BC-15367E812CA4}"
EndProject
Project("{888888A0-9F3D-457C-B088-3A5042F75D52}") = "E3.09", "E3.9\E3.09.pyproj", "{F1348803-B326-4F46-87FC-824B4C141922}"
EndProject
Project("{888888A0-9F3D-457C-B088-3A5042F75D52}") = "E3.10", "E3.10\E3.10.pyproj", "{482500F4-31D0-47C9-9490-EE7A5C08EE19}"
EndProject
Project("{888888A0-9F3D-457C-B088-3A5042F75D52}") = "E3.11", "E3.11\E3.11.pyproj", "{B61EEE21-21DF-4C67-A6BF-B05D573301C6}"
EndProject
Project("{2150E333-8FDC-42A3-9474-1A3956D46DE8}") = "Exercise4", "Exercise4", "{736C24B1-1553-4114-A218-1783289FA6BC}"
EndProject
Project("{888888A0-9F3D-457C-B088-3A5042F75D52}") = "E4.01", "E4.01\E4.01.pyproj", "{59E6BC03-68CA-4554-B70E-EA0EBC7FB0E6}"
EndProject
Project("{888888A0-9F3D-457C-B088-3A5042F75D52}") = "E4.02", "E4.02\E4.02.pyproj", "{07330C37-62F6-4F5C-ACE8-26ABB3604BC1}"
EndProject
Project("{888888A0-9F3D-457C-B088-3A5042F75D52}") = "E4.03", "E4.03\E4.03.pyproj", "{A33C90FC-900E-4036-A653-720BE7334EAC}"
EndProject
Project("{888888A0-9F3D-457C-B088-3A5042F75D52}") = "E4.04", "E4.04\E4.04.pyproj", "{486D7061-7595-4B60-88B3-C838D858CB5E}"
EndProject
Project("{888888A0-9F3D-457C-B088-3A5042F75D52}") = "E4.05", "E4.05\E4.05.pyproj", "{EE1B2DBA-87D4-444D-A70F-7E9B21771FCE}"
EndProject
Project("{888888A0-9F3D-457C-B088-3A5042F75D52}") = "E4.06", "E4.06\E4.06.pyproj", "{FD739279-6E7D-41EB-B9F2-0D405C56D543}"
EndProject
Project("{888888A0-9F3D-457C-B088-3A5042F75D52}") = "E4.07", "E4.07\E4.07.pyproj", "{62A21CC1-243F-426E-85EA-EFE4AB6E721A}"
EndProject
Project("{888888A0-9F3D-457C-B088-3A5042F75D52}") = "E4.08", "E4.08\E4.08.pyproj", "{56F90E0A-B073-4806-838F-7F3CF7B460DF}"
EndProject
Project("{888888A0-9F3D-457C-B088-3A5042F75D52}") = "E4.09", "E4.09\E4.09.pyproj", "{C542A02B-6810-4D7B-AB47-8692B46A5FCD}"
EndProject
Project("{888888A0-9F3D-457C-B088-3A5042F75D52}") = "E4.10", "E4.10\E4.10.pyproj", "{5CF869AE-1A9C-4E47-858E-88BA8A15AAC9}"
EndProject
Project("{888888A0-9F3D-457C-B088-3A5042F75D52}") = "E4.11", "E4.11\E4.11.pyproj", "{D9139C8C-D6CF-4452-8567-49912380E2E0}"
EndProject
Project("{888888A0-9F3D-457C-B088-3A5042F75D52}") = "E4.12", "E4.12\E4.12.pyproj", "{E1A6D4C9-CDE5-471A-A7CC-7B86D45CC79C}"
EndProject
Project("{888888A0-9F3D-457C-B088-3A5042F75D52}") = "E4.13", "E4.13\E4.13.pyproj", "{EEAA136F-A688-40DB-B026-7A07CDDD9DA2}"
EndProject
Project("{888888A0-9F3D-457C-B088-3A5042F75D52}") = "E4.14", "E4.14\E4.14.pyproj", "{E6EF345E-1F1D-4A44-9A61-B3F0DC4C0737}"
EndProject
Project("{888888A0-9F3D-457C-B088-3A5042F75D52}") = "E4.15", "E4.15\E4.15.pyproj", "{F483F976-7DF4-4C98-9278-25F87149016A}"
EndProject
Project("{888888A0-9F3D-457C-B088-3A5042F75D52}") = "E4.16", "E4.16\E4.16.pyproj", "{639B144E-912D-4437-A988-0D867CB5E92E}"
EndProject
Project("{888888A0-9F3D-457C-B088-3A5042F75D52}") = "E4.17", "E4.17\E4.17.pyproj", "{DE5D6167-94AE-4DB9-807D-CF5B3F3B9317}"
EndProject
Project("{888888A0-9F3D-457C-B088-3A5042F75D52}") = "E4.18", "E4.18\E4.18.pyproj", "{DF8C9E9F-4CAD-4302-9955-369A6D082EAB}"
EndProject
Project("{888888A0-9F3D-457C-B088-3A5042F75D52}") = "E4.19", "E4.19\E4.19.pyproj", "{1E92866D-2D3F-48AC-8A12-FFDDB2DAB567}"
EndProject
Project("{888888A0-9F3D-457C-B088-3A5042F75D52}") = "E4.20", "E4.20\E4.20.pyproj", "{8A1F8FD6-A01F-4CCF-9E1B-BA5647CDB185}"
EndProject
Project("{888888A0-9F3D-457C-B088-3A5042F75D52}") = "E4.21", "E4.21\E4.21.pyproj", "{ECDF47E3-0731-4390-8ABC-B0AAA1054C9B}"
EndProject
Project("{888888A0-9F3D-457C-B088-3A5042F75D52}") = "E4.22", "E4.22\E4.22.pyproj", "{DD148449-0730-4028-A9AF-7CEED8C5B7DD}"
EndProject
Project("{888888A0-9F3D-457C-B088-3A5042F75D52}") = "E4.23", "E4.23\E4.23.pyproj", "{2189AACA-1BE9-4C94-B547-2C956819532D}"
EndProject
Project("{888888A0-9F3D-457C-B088-3A5042F75D52}") = "E4.24", "E4.24\E4.24.pyproj", "{0CD3E680-1B14-4C23-8B93-70C9FE641020}"
EndProject
Project("{888888A0-9F3D-457C-B088-3A5042F75D52}") = "E4.25", "E4.25\E4.25.pyproj", "{03A95E0E-8E1D-4B71-BF3F-90B759B7A2FC}"
EndProject
Project("{888888A0-9F3D-457C-B088-3A5042F75D52}") = "E4.26", "E4.26\E4.26.pyproj", "{FCF4262D-4492-4F47-805D-578A2CAF72A9}"
EndProject
Project("{888888A0-9F3D-457C-B088-3A5042F75D52}") = "E4.28", "E4.27\E4.28.pyproj", "{A0413885-94C4-48FF-933F-778AD132BAF0}"
EndProject
Project("{888888A0-9F3D-457C-B088-3A5042F75D52}") = "E4.27", "E4.27\E4.27.pyproj", "{DA8615F0-51E4-47F6-B65F-A3AD77CE3E5B}"
EndProject
Project("{888888A0-9F3D-457C-B088-3A5042F75D52}") = "E4.29", "E4.29\E4.29.pyproj", "{C6FB6E6A-F9B6-4409-9843-955A669C4653}"
EndProject
Project("{888888A0-9F3D-457C-B088-3A5042F75D52}") = "E4.30", "E4.30\E4.30.pyproj", "{C3EEE024-E67A-4332-9203-CA23063E742D}"
EndProject
Project("{888888A0-9F3D-457C-B088-3A5042F75D52}") = "E4.31", "E4.31\E4.31.pyproj", "{5B4FC7FF-43DA-4CD9-9E4A-CF4E3221BD02}"
EndProject
Project("{888888A0-9F3D-457C-B088-3A5042F75D52}") = "E4.32", "E4.32\E4.32.pyproj", "{774BAB47-4826-4877-A955-2E5BB900BEE1}"
EndProject
Project("{888888A0-9F3D-457C-B088-3A5042F75D52}") = "E4.33", "E4.33\E4.33.pyproj", "{4E0B8946-4A63-45B4-85AB-228E83D4F70F}"
EndProject
Project("{888888A0-9F3D-457C-B088-3A5042F75D52}") = "E4.34", "E4.35\E4.34.pyproj", "{38CDE4AC-E78B-49AA-B448-29D470AB8FFE}"
EndProject
Project("{888888A0-9F3D-457C-B088-3A5042F75D52}") = "E4.38", "E4.38\E4.38.pyproj", "{0360F2B7-6BB6-43B1-85EF-5535DD671A8B}"
EndProject
Project("{2150E333-8FDC-42A3-9474-1A3956D46DE8}") = "Exercise5", "Exercise5", "{A6B5BA30-EA1B-4126-8715-01905B8A01DF}"
EndProject
Project("{888888A0-9F3D-457C-B088-3A5042F75D52}") = "E5.01", "E5.01\E5.01.pyproj", "{AA853E99-B665-4D7F-ACA3-B7AAD1C2DE47}"
EndProject
Project("{888888A0-9F3D-457C-B088-3A5042F75D52}") = "E5.02", "E5.02\E5.02.pyproj", "{AF605894-5DEF-4527-A4BD-48C7C06E1E12}"
EndProject
Project("{888888A0-9F3D-457C-B088-3A5042F75D52}") = "E5.03", "E5.03\E5.03.pyproj", "{89D8B799-7506-4D5A-B64B-19B23EB27682}"
EndProject
Project("{888888A0-9F3D-457C-B088-3A5042F75D52}") = "E5.04", "E5.04\E5.04.pyproj", "{15919C1C-034D-42EA-982A-635C23167A1E}"
EndProject
Project("{888888A0-9F3D-457C-B088-3A5042F75D52}") = "E5.05", "E5.05\E5.05.pyproj", "{75AF028C-29A2-4A18-B45E-62ABEE4959D1}"
EndProject
Project("{888888A0-9F3D-457C-B088-3A5042F75D52}") = "E5.06", "E5.06\E5.06.pyproj", "{641B680B-489E-4D42-A279-CDF91B1540A1}"
EndProject
Project("{888888A0-9F3D-457C-B088-3A5042F75D52}") = "E5.07", "E5.07\E5.07.pyproj", "{D5018264-C33D-4507-B987-D8ABB6A1C76E}"
EndProject
Project("{888888A0-9F3D-457C-B088-3A5042F75D52}") = "E5.08", "E5.08\E5.08.pyproj", "{9904D35C-C5EF-4288-8970-5F1883A148BF}"
EndProject
Project("{888888A0-9F3D-457C-B088-3A5042F75D52}") = "E5.09", "E5.09\E5.09.pyproj", "{6C8EBADE-7297-4989-9D9E-5A4E09C83B55}"
EndProject
Project("{888888A0-9F3D-457C-B088-3A5042F75D52}") = "E5.10", "E5.10\E5.10.pyproj", "{BE0EF506-1029-4355-846D-A69C2EA1DE55}"
EndProject
Project("{888888A0-9F3D-457C-B088-3A5042F75D52}") = "E5.11", "E5.11\E5.11.pyproj", "{6805B659-4704-43CD-B000-3BE53AC6AE68}"
EndProject
Project("{888888A0-9F3D-457C-B088-3A5042F75D52}") = "E5.12", "E5.12\E5.12.pyproj", "{CFD2C886-0A16-410F-8A2A-8F37A14674B6}"
EndProject
Project("{888888A0-9F3D-457C-B088-3A5042F75D52}") = "E5.13", "E5.13\E5.13.pyproj", "{8CB38579-7CDB-40C1-AB81-6DAC3895F4AB}"
EndProject
Project("{888888A0-9F3D-457C-B088-3A5042F75D52}") = "E5.14", "E5.14\E5.14.pyproj", "{93DE561E-DC5E-40D3-9530-1F0AA3081E0C}"
EndProject
Project("{888888A0-9F3D-457C-B088-3A5042F75D52}") = "E5.15", "E5.15\E5.15.pyproj", "{BA157699-F2A3-4874-9C13-B0B98430A455}"
EndProject
Project("{888888A0-9F3D-457C-B088-3A5042F75D52}") = "E5.16", "E5.116\E5.16.pyproj", "{5D972047-5BD9-4867-A9F5-2B3995869966}"
EndProject
Project("{888888A0-9F3D-457C-B088-3A5042F75D52}") = "E5.17", "E5.17\E5.17.pyproj", "{43B9012C-0AD3-4031-AF16-CE548E4CC46A}"
EndProject
Project("{888888A0-9F3D-457C-B088-3A5042F75D52}") = "E5.18", "E5.18\E5.18.pyproj", "{AEF1310E-3E42-430C-AEE1-7FF6C3D6E43B}"
EndProject
Project("{888888A0-9F3D-457C-B088-3A5042F75D52}") = "E5.19", "E5.19\E5.19.pyproj", "{DA85C2D5-81DA-4250-9EFF-A257F7ED1F47}"
EndProject
Project("{2150E333-8FDC-42A3-9474-1A3956D46DE8}") = "Exercise6", "Exercise6", "{F8A74926-A3E6-4FA2-84DB-D43B254B8ED4}"
EndProject
Project("{888888A0-9F3D-457C-B088-3A5042F75D52}") = "E6.01", "E6.01\E6.01.pyproj", "{EE04FF70-9CE9-4E49-82BD-E932BA66BA66}"
EndProject
Project("{888888A0-9F3D-457C-B088-3A5042F75D52}") = "E6.02", "E6.02\E6.02.pyproj", "{77BF106C-47C2-48B5-A69C-3B13D6262EE7}"
EndProject
Project("{888888A0-9F3D-457C-B088-3A5042F75D52}") = "E6.03", "E6.03\E6.03.pyproj", "{977DF2CD-1FBD-43CC-B916-BC66ABE4E5FB}"
EndProject
Project("{888888A0-9F3D-457C-B088-3A5042F75D52}") = "E6.04", "E6.04\E6.04.pyproj", "{D0A6220A-2461-4D6E-8F6B-56BF6B6A2909}"
EndProject
Project("{888888A0-9F3D-457C-B088-3A5042F75D52}") = "E6.05", "E6.05\E6.05.pyproj", "{AEC8512A-25B2-4A82-8819-EED2F39A0673}"
EndProject
Project("{888888A0-9F3D-457C-B088-3A5042F75D52}") = "E6.06", "E6.06\E6.06.pyproj", "{F3E7E246-F2CD-4020-B1EB-6321257882A9}"
EndProject
Project("{888888A0-9F3D-457C-B088-3A5042F75D52}") = "E6.07", "E6.07\E6.07.pyproj", "{F902889B-7E39-4389-BA31-0A33EB2944E3}"
EndProject
Project("{888888A0-9F3D-457C-B088-3A5042F75D52}") = "E6.08", "E6.08\E6.08.pyproj", "{D9DDDF80-C65C-4963-A063-F40F07FF2F80}"
EndProject
Project("{888888A0-9F3D-457C-B088-3A5042F75D52}") = "E6.09", "E6.09\E6.09.pyproj", "{70159E39-8682-4D0B-B96B-2B89191BF6F9}"
EndProject
Project("{888888A0-9F3D-457C-B088-3A5042F75D52}") = "E6.10", "E6.10\E6.10.pyproj", "{F46781D6-CE28-49D5-B716-BA83323859A6}"
EndProject
Global
	GlobalSection(SolutionConfigurationPlatforms) = preSolution
		Debug|Any CPU = Debug|Any CPU
		Release|Any CPU = Release|Any CPU
	EndGlobalSection
	GlobalSection(ProjectConfigurationPlatforms) = postSolution
		{23FC6DF9-C382-43BD-805B-038C9F7653B2}.Debug|Any CPU.ActiveCfg = Debug|Any CPU
		{23FC6DF9-C382-43BD-805B-038C9F7653B2}.Release|Any CPU.ActiveCfg = Release|Any CPU
		{EF6238E0-8B40-4E2E-AE97-A7A3D786060A}.Debug|Any CPU.ActiveCfg = Debug|Any CPU
		{EF6238E0-8B40-4E2E-AE97-A7A3D786060A}.Release|Any CPU.ActiveCfg = Release|Any CPU
		{44A2B3D5-0EF1-49A2-B93F-5EBE2782350B}.Debug|Any CPU.ActiveCfg = Debug|Any CPU
		{44A2B3D5-0EF1-49A2-B93F-5EBE2782350B}.Release|Any CPU.ActiveCfg = Release|Any CPU
		{C0019196-06DE-4773-94E7-E85FAA959DC8}.Debug|Any CPU.ActiveCfg = Debug|Any CPU
		{C0019196-06DE-4773-94E7-E85FAA959DC8}.Release|Any CPU.ActiveCfg = Release|Any CPU
		{B754AF56-2ED3-47A2-AA87-5175F7059ACD}.Debug|Any CPU.ActiveCfg = Debug|Any CPU
		{B754AF56-2ED3-47A2-AA87-5175F7059ACD}.Release|Any CPU.ActiveCfg = Release|Any CPU
		{1C675ED4-BA36-445D-8043-D27B649A3D99}.Debug|Any CPU.ActiveCfg = Debug|Any CPU
		{1C675ED4-BA36-445D-8043-D27B649A3D99}.Release|Any CPU.ActiveCfg = Release|Any CPU
		{8CFEDB3E-A559-4A93-AE91-BB3C9820E73B}.Debug|Any CPU.ActiveCfg = Debug|Any CPU
		{8CFEDB3E-A559-4A93-AE91-BB3C9820E73B}.Release|Any CPU.ActiveCfg = Release|Any CPU
		{D1628F9C-7567-4656-A784-DFF070E71001}.Debug|Any CPU.ActiveCfg = Debug|Any CPU
		{D1628F9C-7567-4656-A784-DFF070E71001}.Release|Any CPU.ActiveCfg = Release|Any CPU
		{66FB16E1-8C40-45F2-86D8-24066F73C730}.Debug|Any CPU.ActiveCfg = Debug|Any CPU
		{66FB16E1-8C40-45F2-86D8-24066F73C730}.Release|Any CPU.ActiveCfg = Release|Any CPU
		{336E7D6D-B1F9-4DB1-AE38-89C6E4D8125D}.Debug|Any CPU.ActiveCfg = Debug|Any CPU
		{336E7D6D-B1F9-4DB1-AE38-89C6E4D8125D}.Release|Any CPU.ActiveCfg = Release|Any CPU
		{C9C46181-5FDE-4D6C-9B2C-E5CD5E9654E2}.Debug|Any CPU.ActiveCfg = Debug|Any CPU
		{C9C46181-5FDE-4D6C-9B2C-E5CD5E9654E2}.Release|Any CPU.ActiveCfg = Release|Any CPU
		{A035A58D-54B1-4FF9-A0F2-54B9FEFC90A6}.Debug|Any CPU.ActiveCfg = Debug|Any CPU
		{A035A58D-54B1-4FF9-A0F2-54B9FEFC90A6}.Release|Any CPU.ActiveCfg = Release|Any CPU
		{87453640-B540-48C4-88B7-5C68C8E6390A}.Debug|Any CPU.ActiveCfg = Debug|Any CPU
		{87453640-B540-48C4-88B7-5C68C8E6390A}.Release|Any CPU.ActiveCfg = Release|Any CPU
		{C6428BA1-DF6E-42D2-93BF-321006F51A51}.Debug|Any CPU.ActiveCfg = Debug|Any CPU
		{C6428BA1-DF6E-42D2-93BF-321006F51A51}.Release|Any CPU.ActiveCfg = Release|Any CPU
		{96B8273E-21EE-4770-9778-74A651A6E1A0}.Debug|Any CPU.ActiveCfg = Debug|Any CPU
		{96B8273E-21EE-4770-9778-74A651A6E1A0}.Release|Any CPU.ActiveCfg = Release|Any CPU
		{50DC48BD-CFA3-427C-BB44-D8473880EAE6}.Debug|Any CPU.ActiveCfg = Debug|Any CPU
		{50DC48BD-CFA3-427C-BB44-D8473880EAE6}.Release|Any CPU.ActiveCfg = Release|Any CPU
		{A4C122A6-298C-47F9-92C9-7C2A623FD39A}.Debug|Any CPU.ActiveCfg = Debug|Any CPU
		{A4C122A6-298C-47F9-92C9-7C2A623FD39A}.Release|Any CPU.ActiveCfg = Release|Any CPU
		{410ED33E-B1A1-4488-AC50-AB48604D63F9}.Debug|Any CPU.ActiveCfg = Debug|Any CPU
		{410ED33E-B1A1-4488-AC50-AB48604D63F9}.Release|Any CPU.ActiveCfg = Release|Any CPU
		{FF10F7FA-4667-46CC-8F6D-8A4DF16BB75C}.Debug|Any CPU.ActiveCfg = Debug|Any CPU
		{FF10F7FA-4667-46CC-8F6D-8A4DF16BB75C}.Release|Any CPU.ActiveCfg = Release|Any CPU
		{37B95EED-6CF3-481C-A968-D32B0EDF5906}.Debug|Any CPU.ActiveCfg = Debug|Any CPU
		{37B95EED-6CF3-481C-A968-D32B0EDF5906}.Release|Any CPU.ActiveCfg = Release|Any CPU
		{FCBEBEE3-23FB-43A6-9B32-1312C0E70A06}.Debug|Any CPU.ActiveCfg = Debug|Any CPU
		{FCBEBEE3-23FB-43A6-9B32-1312C0E70A06}.Release|Any CPU.ActiveCfg = Release|Any CPU
		{DA975304-C48C-483E-A697-FE5A36AD7361}.Debug|Any CPU.ActiveCfg = Debug|Any CPU
		{DA975304-C48C-483E-A697-FE5A36AD7361}.Release|Any CPU.ActiveCfg = Release|Any CPU
		{19E9280F-138F-4E08-B6AE-A17BAFB2E891}.Debug|Any CPU.ActiveCfg = Debug|Any CPU
		{19E9280F-138F-4E08-B6AE-A17BAFB2E891}.Release|Any CPU.ActiveCfg = Release|Any CPU
		{EE5266EF-BE14-49D4-84D8-B2535A1D44A9}.Debug|Any CPU.ActiveCfg = Debug|Any CPU
		{EE5266EF-BE14-49D4-84D8-B2535A1D44A9}.Release|Any CPU.ActiveCfg = Release|Any CPU
		{47D103C2-1915-4B29-84FD-0C68317F52F4}.Debug|Any CPU.ActiveCfg = Debug|Any CPU
		{47D103C2-1915-4B29-84FD-0C68317F52F4}.Release|Any CPU.ActiveCfg = Release|Any CPU
		{13C41C06-5853-41F4-AB0F-6154D434D7F9}.Debug|Any CPU.ActiveCfg = Debug|Any CPU
		{13C41C06-5853-41F4-AB0F-6154D434D7F9}.Release|Any CPU.ActiveCfg = Release|Any CPU
		{89157352-F29F-46F1-8FFD-3A71DEAF36DA}.Debug|Any CPU.ActiveCfg = Debug|Any CPU
		{89157352-F29F-46F1-8FFD-3A71DEAF36DA}.Release|Any CPU.ActiveCfg = Release|Any CPU
		{42746B89-09B6-4CFB-8893-FEF3F624F31D}.Debug|Any CPU.ActiveCfg = Debug|Any CPU
		{42746B89-09B6-4CFB-8893-FEF3F624F31D}.Release|Any CPU.ActiveCfg = Release|Any CPU
		{49987668-2251-44EA-BEE8-35685D4AE93F}.Debug|Any CPU.ActiveCfg = Debug|Any CPU
		{49987668-2251-44EA-BEE8-35685D4AE93F}.Release|Any CPU.ActiveCfg = Release|Any CPU
		{04071C2E-1263-4FF4-B7BC-15367E812CA4}.Debug|Any CPU.ActiveCfg = Debug|Any CPU
		{04071C2E-1263-4FF4-B7BC-15367E812CA4}.Release|Any CPU.ActiveCfg = Release|Any CPU
		{F1348803-B326-4F46-87FC-824B4C141922}.Debug|Any CPU.ActiveCfg = Debug|Any CPU
		{F1348803-B326-4F46-87FC-824B4C141922}.Release|Any CPU.ActiveCfg = Release|Any CPU
		{482500F4-31D0-47C9-9490-EE7A5C08EE19}.Debug|Any CPU.ActiveCfg = Debug|Any CPU
		{482500F4-31D0-47C9-9490-EE7A5C08EE19}.Release|Any CPU.ActiveCfg = Release|Any CPU
		{B61EEE21-21DF-4C67-A6BF-B05D573301C6}.Debug|Any CPU.ActiveCfg = Debug|Any CPU
		{B61EEE21-21DF-4C67-A6BF-B05D573301C6}.Release|Any CPU.ActiveCfg = Release|Any CPU
		{59E6BC03-68CA-4554-B70E-EA0EBC7FB0E6}.Debug|Any CPU.ActiveCfg = Debug|Any CPU
		{59E6BC03-68CA-4554-B70E-EA0EBC7FB0E6}.Release|Any CPU.ActiveCfg = Release|Any CPU
		{07330C37-62F6-4F5C-ACE8-26ABB3604BC1}.Debug|Any CPU.ActiveCfg = Debug|Any CPU
		{07330C37-62F6-4F5C-ACE8-26ABB3604BC1}.Release|Any CPU.ActiveCfg = Release|Any CPU
		{A33C90FC-900E-4036-A653-720BE7334EAC}.Debug|Any CPU.ActiveCfg = Debug|Any CPU
		{A33C90FC-900E-4036-A653-720BE7334EAC}.Release|Any CPU.ActiveCfg = Release|Any CPU
		{486D7061-7595-4B60-88B3-C838D858CB5E}.Debug|Any CPU.ActiveCfg = Debug|Any CPU
		{486D7061-7595-4B60-88B3-C838D858CB5E}.Release|Any CPU.ActiveCfg = Release|Any CPU
		{EE1B2DBA-87D4-444D-A70F-7E9B21771FCE}.Debug|Any CPU.ActiveCfg = Debug|Any CPU
		{EE1B2DBA-87D4-444D-A70F-7E9B21771FCE}.Release|Any CPU.ActiveCfg = Release|Any CPU
		{FD739279-6E7D-41EB-B9F2-0D405C56D543}.Debug|Any CPU.ActiveCfg = Debug|Any CPU
		{FD739279-6E7D-41EB-B9F2-0D405C56D543}.Release|Any CPU.ActiveCfg = Release|Any CPU
		{62A21CC1-243F-426E-85EA-EFE4AB6E721A}.Debug|Any CPU.ActiveCfg = Debug|Any CPU
		{62A21CC1-243F-426E-85EA-EFE4AB6E721A}.Release|Any CPU.ActiveCfg = Release|Any CPU
		{56F90E0A-B073-4806-838F-7F3CF7B460DF}.Debug|Any CPU.ActiveCfg = Debug|Any CPU
		{56F90E0A-B073-4806-838F-7F3CF7B460DF}.Release|Any CPU.ActiveCfg = Release|Any CPU
		{C542A02B-6810-4D7B-AB47-8692B46A5FCD}.Debug|Any CPU.ActiveCfg = Debug|Any CPU
		{C542A02B-6810-4D7B-AB47-8692B46A5FCD}.Release|Any CPU.ActiveCfg = Release|Any CPU
		{5CF869AE-1A9C-4E47-858E-88BA8A15AAC9}.Debug|Any CPU.ActiveCfg = Debug|Any CPU
		{5CF869AE-1A9C-4E47-858E-88BA8A15AAC9}.Release|Any CPU.ActiveCfg = Release|Any CPU
		{D9139C8C-D6CF-4452-8567-49912380E2E0}.Debug|Any CPU.ActiveCfg = Debug|Any CPU
		{D9139C8C-D6CF-4452-8567-49912380E2E0}.Release|Any CPU.ActiveCfg = Release|Any CPU
		{E1A6D4C9-CDE5-471A-A7CC-7B86D45CC79C}.Debug|Any CPU.ActiveCfg = Debug|Any CPU
		{E1A6D4C9-CDE5-471A-A7CC-7B86D45CC79C}.Release|Any CPU.ActiveCfg = Release|Any CPU
		{EEAA136F-A688-40DB-B026-7A07CDDD9DA2}.Debug|Any CPU.ActiveCfg = Debug|Any CPU
		{EEAA136F-A688-40DB-B026-7A07CDDD9DA2}.Release|Any CPU.ActiveCfg = Release|Any CPU
		{E6EF345E-1F1D-4A44-9A61-B3F0DC4C0737}.Debug|Any CPU.ActiveCfg = Debug|Any CPU
		{E6EF345E-1F1D-4A44-9A61-B3F0DC4C0737}.Release|Any CPU.ActiveCfg = Release|Any CPU
		{F483F976-7DF4-4C98-9278-25F87149016A}.Debug|Any CPU.ActiveCfg = Debug|Any CPU
		{F483F976-7DF4-4C98-9278-25F87149016A}.Release|Any CPU.ActiveCfg = Release|Any CPU
		{639B144E-912D-4437-A988-0D867CB5E92E}.Debug|Any CPU.ActiveCfg = Debug|Any CPU
		{639B144E-912D-4437-A988-0D867CB5E92E}.Release|Any CPU.ActiveCfg = Release|Any CPU
		{DE5D6167-94AE-4DB9-807D-CF5B3F3B9317}.Debug|Any CPU.ActiveCfg = Debug|Any CPU
		{DE5D6167-94AE-4DB9-807D-CF5B3F3B9317}.Release|Any CPU.ActiveCfg = Release|Any CPU
		{DF8C9E9F-4CAD-4302-9955-369A6D082EAB}.Debug|Any CPU.ActiveCfg = Debug|Any CPU
		{DF8C9E9F-4CAD-4302-9955-369A6D082EAB}.Release|Any CPU.ActiveCfg = Release|Any CPU
		{1E92866D-2D3F-48AC-8A12-FFDDB2DAB567}.Debug|Any CPU.ActiveCfg = Debug|Any CPU
		{1E92866D-2D3F-48AC-8A12-FFDDB2DAB567}.Release|Any CPU.ActiveCfg = Release|Any CPU
		{8A1F8FD6-A01F-4CCF-9E1B-BA5647CDB185}.Debug|Any CPU.ActiveCfg = Debug|Any CPU
		{8A1F8FD6-A01F-4CCF-9E1B-BA5647CDB185}.Release|Any CPU.ActiveCfg = Release|Any CPU
		{ECDF47E3-0731-4390-8ABC-B0AAA1054C9B}.Debug|Any CPU.ActiveCfg = Debug|Any CPU
		{ECDF47E3-0731-4390-8ABC-B0AAA1054C9B}.Release|Any CPU.ActiveCfg = Release|Any CPU
		{DD148449-0730-4028-A9AF-7CEED8C5B7DD}.Debug|Any CPU.ActiveCfg = Debug|Any CPU
		{DD148449-0730-4028-A9AF-7CEED8C5B7DD}.Release|Any CPU.ActiveCfg = Release|Any CPU
		{2189AACA-1BE9-4C94-B547-2C956819532D}.Debug|Any CPU.ActiveCfg = Debug|Any CPU
		{2189AACA-1BE9-4C94-B547-2C956819532D}.Release|Any CPU.ActiveCfg = Release|Any CPU
		{0CD3E680-1B14-4C23-8B93-70C9FE641020}.Debug|Any CPU.ActiveCfg = Debug|Any CPU
		{0CD3E680-1B14-4C23-8B93-70C9FE641020}.Release|Any CPU.ActiveCfg = Release|Any CPU
		{03A95E0E-8E1D-4B71-BF3F-90B759B7A2FC}.Debug|Any CPU.ActiveCfg = Debug|Any CPU
		{03A95E0E-8E1D-4B71-BF3F-90B759B7A2FC}.Release|Any CPU.ActiveCfg = Release|Any CPU
		{FCF4262D-4492-4F47-805D-578A2CAF72A9}.Debug|Any CPU.ActiveCfg = Debug|Any CPU
		{FCF4262D-4492-4F47-805D-578A2CAF72A9}.Release|Any CPU.ActiveCfg = Release|Any CPU
		{A0413885-94C4-48FF-933F-778AD132BAF0}.Debug|Any CPU.ActiveCfg = Debug|Any CPU
		{A0413885-94C4-48FF-933F-778AD132BAF0}.Release|Any CPU.ActiveCfg = Release|Any CPU
		{DA8615F0-51E4-47F6-B65F-A3AD77CE3E5B}.Debug|Any CPU.ActiveCfg = Debug|Any CPU
		{DA8615F0-51E4-47F6-B65F-A3AD77CE3E5B}.Release|Any CPU.ActiveCfg = Release|Any CPU
		{C6FB6E6A-F9B6-4409-9843-955A669C4653}.Debug|Any CPU.ActiveCfg = Debug|Any CPU
		{C6FB6E6A-F9B6-4409-9843-955A669C4653}.Release|Any CPU.ActiveCfg = Release|Any CPU
		{C3EEE024-E67A-4332-9203-CA23063E742D}.Debug|Any CPU.ActiveCfg = Debug|Any CPU
		{C3EEE024-E67A-4332-9203-CA23063E742D}.Release|Any CPU.ActiveCfg = Release|Any CPU
		{5B4FC7FF-43DA-4CD9-9E4A-CF4E3221BD02}.Debug|Any CPU.ActiveCfg = Debug|Any CPU
		{5B4FC7FF-43DA-4CD9-9E4A-CF4E3221BD02}.Release|Any CPU.ActiveCfg = Release|Any CPU
		{774BAB47-4826-4877-A955-2E5BB900BEE1}.Debug|Any CPU.ActiveCfg = Debug|Any CPU
		{774BAB47-4826-4877-A955-2E5BB900BEE1}.Release|Any CPU.ActiveCfg = Release|Any CPU
		{4E0B8946-4A63-45B4-85AB-228E83D4F70F}.Debug|Any CPU.ActiveCfg = Debug|Any CPU
		{4E0B8946-4A63-45B4-85AB-228E83D4F70F}.Release|Any CPU.ActiveCfg = Release|Any CPU
		{38CDE4AC-E78B-49AA-B448-29D470AB8FFE}.Debug|Any CPU.ActiveCfg = Debug|Any CPU
		{38CDE4AC-E78B-49AA-B448-29D470AB8FFE}.Release|Any CPU.ActiveCfg = Release|Any CPU
		{0360F2B7-6BB6-43B1-85EF-5535DD671A8B}.Debug|Any CPU.ActiveCfg = Debug|Any CPU
		{0360F2B7-6BB6-43B1-85EF-5535DD671A8B}.Release|Any CPU.ActiveCfg = Release|Any CPU
		{AA853E99-B665-4D7F-ACA3-B7AAD1C2DE47}.Debug|Any CPU.ActiveCfg = Debug|Any CPU
		{AA853E99-B665-4D7F-ACA3-B7AAD1C2DE47}.Release|Any CPU.ActiveCfg = Release|Any CPU
		{AF605894-5DEF-4527-A4BD-48C7C06E1E12}.Debug|Any CPU.ActiveCfg = Debug|Any CPU
		{AF605894-5DEF-4527-A4BD-48C7C06E1E12}.Release|Any CPU.ActiveCfg = Release|Any CPU
		{89D8B799-7506-4D5A-B64B-19B23EB27682}.Debug|Any CPU.ActiveCfg = Debug|Any CPU
		{89D8B799-7506-4D5A-B64B-19B23EB27682}.Release|Any CPU.ActiveCfg = Release|Any CPU
		{15919C1C-034D-42EA-982A-635C23167A1E}.Debug|Any CPU.ActiveCfg = Debug|Any CPU
		{15919C1C-034D-42EA-982A-635C23167A1E}.Release|Any CPU.ActiveCfg = Release|Any CPU
		{75AF028C-29A2-4A18-B45E-62ABEE4959D1}.Debug|Any CPU.ActiveCfg = Debug|Any CPU
		{75AF028C-29A2-4A18-B45E-62ABEE4959D1}.Release|Any CPU.ActiveCfg = Release|Any CPU
		{641B680B-489E-4D42-A279-CDF91B1540A1}.Debug|Any CPU.ActiveCfg = Debug|Any CPU
		{641B680B-489E-4D42-A279-CDF91B1540A1}.Release|Any CPU.ActiveCfg = Release|Any CPU
		{D5018264-C33D-4507-B987-D8ABB6A1C76E}.Debug|Any CPU.ActiveCfg = Debug|Any CPU
		{D5018264-C33D-4507-B987-D8ABB6A1C76E}.Release|Any CPU.ActiveCfg = Release|Any CPU
		{9904D35C-C5EF-4288-8970-5F1883A148BF}.Debug|Any CPU.ActiveCfg = Debug|Any CPU
		{9904D35C-C5EF-4288-8970-5F1883A148BF}.Release|Any CPU.ActiveCfg = Release|Any CPU
		{6C8EBADE-7297-4989-9D9E-5A4E09C83B55}.Debug|Any CPU.ActiveCfg = Debug|Any CPU
		{6C8EBADE-7297-4989-9D9E-5A4E09C83B55}.Release|Any CPU.ActiveCfg = Release|Any CPU
		{BE0EF506-1029-4355-846D-A69C2EA1DE55}.Debug|Any CPU.ActiveCfg = Debug|Any CPU
		{BE0EF506-1029-4355-846D-A69C2EA1DE55}.Release|Any CPU.ActiveCfg = Release|Any CPU
		{6805B659-4704-43CD-B000-3BE53AC6AE68}.Debug|Any CPU.ActiveCfg = Debug|Any CPU
		{6805B659-4704-43CD-B000-3BE53AC6AE68}.Release|Any CPU.ActiveCfg = Release|Any CPU
		{CFD2C886-0A16-410F-8A2A-8F37A14674B6}.Debug|Any CPU.ActiveCfg = Debug|Any CPU
		{CFD2C886-0A16-410F-8A2A-8F37A14674B6}.Release|Any CPU.ActiveCfg = Release|Any CPU
		{8CB38579-7CDB-40C1-AB81-6DAC3895F4AB}.Debug|Any CPU.ActiveCfg = Debug|Any CPU
		{8CB38579-7CDB-40C1-AB81-6DAC3895F4AB}.Release|Any CPU.ActiveCfg = Release|Any CPU
		{93DE561E-DC5E-40D3-9530-1F0AA3081E0C}.Debug|Any CPU.ActiveCfg = Debug|Any CPU
		{93DE561E-DC5E-40D3-9530-1F0AA3081E0C}.Release|Any CPU.ActiveCfg = Release|Any CPU
		{BA157699-F2A3-4874-9C13-B0B98430A455}.Debug|Any CPU.ActiveCfg = Debug|Any CPU
		{BA157699-F2A3-4874-9C13-B0B98430A455}.Release|Any CPU.ActiveCfg = Release|Any CPU
		{5D972047-5BD9-4867-A9F5-2B3995869966}.Debug|Any CPU.ActiveCfg = Debug|Any CPU
		{5D972047-5BD9-4867-A9F5-2B3995869966}.Release|Any CPU.ActiveCfg = Release|Any CPU
		{43B9012C-0AD3-4031-AF16-CE548E4CC46A}.Debug|Any CPU.ActiveCfg = Debug|Any CPU
		{43B9012C-0AD3-4031-AF16-CE548E4CC46A}.Release|Any CPU.ActiveCfg = Release|Any CPU
		{AEF1310E-3E42-430C-AEE1-7FF6C3D6E43B}.Debug|Any CPU.ActiveCfg = Debug|Any CPU
		{AEF1310E-3E42-430C-AEE1-7FF6C3D6E43B}.Release|Any CPU.ActiveCfg = Release|Any CPU
		{DA85C2D5-81DA-4250-9EFF-A257F7ED1F47}.Debug|Any CPU.ActiveCfg = Debug|Any CPU
		{DA85C2D5-81DA-4250-9EFF-A257F7ED1F47}.Release|Any CPU.ActiveCfg = Release|Any CPU
		{EE04FF70-9CE9-4E49-82BD-E932BA66BA66}.Debug|Any CPU.ActiveCfg = Debug|Any CPU
		{EE04FF70-9CE9-4E49-82BD-E932BA66BA66}.Release|Any CPU.ActiveCfg = Release|Any CPU
		{77BF106C-47C2-48B5-A69C-3B13D6262EE7}.Debug|Any CPU.ActiveCfg = Debug|Any CPU
		{77BF106C-47C2-48B5-A69C-3B13D6262EE7}.Release|Any CPU.ActiveCfg = Release|Any CPU
		{977DF2CD-1FBD-43CC-B916-BC66ABE4E5FB}.Debug|Any CPU.ActiveCfg = Debug|Any CPU
		{977DF2CD-1FBD-43CC-B916-BC66ABE4E5FB}.Release|Any CPU.ActiveCfg = Release|Any CPU
		{D0A6220A-2461-4D6E-8F6B-56BF6B6A2909}.Debug|Any CPU.ActiveCfg = Debug|Any CPU
		{D0A6220A-2461-4D6E-8F6B-56BF6B6A2909}.Release|Any CPU.ActiveCfg = Release|Any CPU
		{AEC8512A-25B2-4A82-8819-EED2F39A0673}.Debug|Any CPU.ActiveCfg = Debug|Any CPU
		{AEC8512A-25B2-4A82-8819-EED2F39A0673}.Release|Any CPU.ActiveCfg = Release|Any CPU
		{F3E7E246-F2CD-4020-B1EB-6321257882A9}.Debug|Any CPU.ActiveCfg = Debug|Any CPU
		{F3E7E246-F2CD-4020-B1EB-6321257882A9}.Release|Any CPU.ActiveCfg = Release|Any CPU
		{F902889B-7E39-4389-BA31-0A33EB2944E3}.Debug|Any CPU.ActiveCfg = Debug|Any CPU
		{F902889B-7E39-4389-BA31-0A33EB2944E3}.Release|Any CPU.ActiveCfg = Release|Any CPU
		{D9DDDF80-C65C-4963-A063-F40F07FF2F80}.Debug|Any CPU.ActiveCfg = Debug|Any CPU
		{D9DDDF80-C65C-4963-A063-F40F07FF2F80}.Release|Any CPU.ActiveCfg = Release|Any CPU
		{70159E39-8682-4D0B-B96B-2B89191BF6F9}.Debug|Any CPU.ActiveCfg = Debug|Any CPU
		{70159E39-8682-4D0B-B96B-2B89191BF6F9}.Release|Any CPU.ActiveCfg = Release|Any CPU
		{F46781D6-CE28-49D5-B716-BA83323859A6}.Debug|Any CPU.ActiveCfg = Debug|Any CPU
		{F46781D6-CE28-49D5-B716-BA83323859A6}.Release|Any CPU.ActiveCfg = Release|Any CPU
	EndGlobalSection
	GlobalSection(SolutionProperties) = preSolution
		HideSolutionNode = FALSE
	EndGlobalSection
	GlobalSection(NestedProjects) = preSolution
		{23FC6DF9-C382-43BD-805B-038C9F7653B2} = {17EF410E-2FB2-47F1-98F8-AEDBC2FCFC86}
		{EF6238E0-8B40-4E2E-AE97-A7A3D786060A} = {17EF410E-2FB2-47F1-98F8-AEDBC2FCFC86}
		{44A2B3D5-0EF1-49A2-B93F-5EBE2782350B} = {17EF410E-2FB2-47F1-98F8-AEDBC2FCFC86}
		{C0019196-06DE-4773-94E7-E85FAA959DC8} = {17EF410E-2FB2-47F1-98F8-AEDBC2FCFC86}
		{B754AF56-2ED3-47A2-AA87-5175F7059ACD} = {17EF410E-2FB2-47F1-98F8-AEDBC2FCFC86}
		{1C675ED4-BA36-445D-8043-D27B649A3D99} = {17EF410E-2FB2-47F1-98F8-AEDBC2FCFC86}
		{8CFEDB3E-A559-4A93-AE91-BB3C9820E73B} = {17EF410E-2FB2-47F1-98F8-AEDBC2FCFC86}
		{D1628F9C-7567-4656-A784-DFF070E71001} = {17EF410E-2FB2-47F1-98F8-AEDBC2FCFC86}
		{66FB16E1-8C40-45F2-86D8-24066F73C730} = {17EF410E-2FB2-47F1-98F8-AEDBC2FCFC86}
		{336E7D6D-B1F9-4DB1-AE38-89C6E4D8125D} = {17EF410E-2FB2-47F1-98F8-AEDBC2FCFC86}
		{C9C46181-5FDE-4D6C-9B2C-E5CD5E9654E2} = {17EF410E-2FB2-47F1-98F8-AEDBC2FCFC86}
		{A035A58D-54B1-4FF9-A0F2-54B9FEFC90A6} = {17EF410E-2FB2-47F1-98F8-AEDBC2FCFC86}
		{87453640-B540-48C4-88B7-5C68C8E6390A} = {17EF410E-2FB2-47F1-98F8-AEDBC2FCFC86}
		{C6428BA1-DF6E-42D2-93BF-321006F51A51} = {17EF410E-2FB2-47F1-98F8-AEDBC2FCFC86}
		{96B8273E-21EE-4770-9778-74A651A6E1A0} = {17EF410E-2FB2-47F1-98F8-AEDBC2FCFC86}
		{50DC48BD-CFA3-427C-BB44-D8473880EAE6} = {17EF410E-2FB2-47F1-98F8-AEDBC2FCFC86}
		{A4C122A6-298C-47F9-92C9-7C2A623FD39A} = {17EF410E-2FB2-47F1-98F8-AEDBC2FCFC86}
		{410ED33E-B1A1-4488-AC50-AB48604D63F9} = {17EF410E-2FB2-47F1-98F8-AEDBC2FCFC86}
		{FF10F7FA-4667-46CC-8F6D-8A4DF16BB75C} = {17EF410E-2FB2-47F1-98F8-AEDBC2FCFC86}
		{37B95EED-6CF3-481C-A968-D32B0EDF5906} = {17EF410E-2FB2-47F1-98F8-AEDBC2FCFC86}
		{FCBEBEE3-23FB-43A6-9B32-1312C0E70A06} = {17EF410E-2FB2-47F1-98F8-AEDBC2FCFC86}
		{DA975304-C48C-483E-A697-FE5A36AD7361} = {17EF410E-2FB2-47F1-98F8-AEDBC2FCFC86}
		{19E9280F-138F-4E08-B6AE-A17BAFB2E891} = {7FD19EBE-4E6A-4D9F-A6C7-22A566217025}
		{EE5266EF-BE14-49D4-84D8-B2535A1D44A9} = {7FD19EBE-4E6A-4D9F-A6C7-22A566217025}
		{47D103C2-1915-4B29-84FD-0C68317F52F4} = {7FD19EBE-4E6A-4D9F-A6C7-22A566217025}
		{13C41C06-5853-41F4-AB0F-6154D434D7F9} = {7FD19EBE-4E6A-4D9F-A6C7-22A566217025}
		{89157352-F29F-46F1-8FFD-3A71DEAF36DA} = {7FD19EBE-4E6A-4D9F-A6C7-22A566217025}
		{42746B89-09B6-4CFB-8893-FEF3F624F31D} = {7FD19EBE-4E6A-4D9F-A6C7-22A566217025}
		{49987668-2251-44EA-BEE8-35685D4AE93F} = {7FD19EBE-4E6A-4D9F-A6C7-22A566217025}
		{04071C2E-1263-4FF4-B7BC-15367E812CA4} = {7FD19EBE-4E6A-4D9F-A6C7-22A566217025}
		{F1348803-B326-4F46-87FC-824B4C141922} = {7FD19EBE-4E6A-4D9F-A6C7-22A566217025}
		{482500F4-31D0-47C9-9490-EE7A5C08EE19} = {7FD19EBE-4E6A-4D9F-A6C7-22A566217025}
		{B61EEE21-21DF-4C67-A6BF-B05D573301C6} = {7FD19EBE-4E6A-4D9F-A6C7-22A566217025}
		{59E6BC03-68CA-4554-B70E-EA0EBC7FB0E6} = {736C24B1-1553-4114-A218-1783289FA6BC}
		{07330C37-62F6-4F5C-ACE8-26ABB3604BC1} = {736C24B1-1553-4114-A218-1783289FA6BC}
		{A33C90FC-900E-4036-A653-720BE7334EAC} = {736C24B1-1553-4114-A218-1783289FA6BC}
		{486D7061-7595-4B60-88B3-C838D858CB5E} = {736C24B1-1553-4114-A218-1783289FA6BC}
		{EE1B2DBA-87D4-444D-A70F-7E9B21771FCE} = {736C24B1-1553-4114-A218-1783289FA6BC}
		{FD739279-6E7D-41EB-B9F2-0D405C56D543} = {736C24B1-1553-4114-A218-1783289FA6BC}
		{62A21CC1-243F-426E-85EA-EFE4AB6E721A} = {736C24B1-1553-4114-A218-1783289FA6BC}
		{56F90E0A-B073-4806-838F-7F3CF7B460DF} = {736C24B1-1553-4114-A218-1783289FA6BC}
		{C542A02B-6810-4D7B-AB47-8692B46A5FCD} = {736C24B1-1553-4114-A218-1783289FA6BC}
		{5CF869AE-1A9C-4E47-858E-88BA8A15AAC9} = {736C24B1-1553-4114-A218-1783289FA6BC}
		{D9139C8C-D6CF-4452-8567-49912380E2E0} = {736C24B1-1553-4114-A218-1783289FA6BC}
		{E1A6D4C9-CDE5-471A-A7CC-7B86D45CC79C} = {736C24B1-1553-4114-A218-1783289FA6BC}
		{EEAA136F-A688-40DB-B026-7A07CDDD9DA2} = {736C24B1-1553-4114-A218-1783289FA6BC}
		{E6EF345E-1F1D-4A44-9A61-B3F0DC4C0737} = {736C24B1-1553-4114-A218-1783289FA6BC}
		{F483F976-7DF4-4C98-9278-25F87149016A} = {736C24B1-1553-4114-A218-1783289FA6BC}
		{639B144E-912D-4437-A988-0D867CB5E92E} = {736C24B1-1553-4114-A218-1783289FA6BC}
		{DE5D6167-94AE-4DB9-807D-CF5B3F3B9317} = {736C24B1-1553-4114-A218-1783289FA6BC}
		{DF8C9E9F-4CAD-4302-9955-369A6D082EAB} = {736C24B1-1553-4114-A218-1783289FA6BC}
		{1E92866D-2D3F-48AC-8A12-FFDDB2DAB567} = {736C24B1-1553-4114-A218-1783289FA6BC}
		{8A1F8FD6-A01F-4CCF-9E1B-BA5647CDB185} = {736C24B1-1553-4114-A218-1783289FA6BC}
		{ECDF47E3-0731-4390-8ABC-B0AAA1054C9B} = {736C24B1-1553-4114-A218-1783289FA6BC}
		{DD148449-0730-4028-A9AF-7CEED8C5B7DD} = {736C24B1-1553-4114-A218-1783289FA6BC}
		{2189AACA-1BE9-4C94-B547-2C956819532D} = {736C24B1-1553-4114-A218-1783289FA6BC}
		{0CD3E680-1B14-4C23-8B93-70C9FE641020} = {736C24B1-1553-4114-A218-1783289FA6BC}
		{03A95E0E-8E1D-4B71-BF3F-90B759B7A2FC} = {736C24B1-1553-4114-A218-1783289FA6BC}
		{FCF4262D-4492-4F47-805D-578A2CAF72A9} = {736C24B1-1553-4114-A218-1783289FA6BC}
		{A0413885-94C4-48FF-933F-778AD132BAF0} = {736C24B1-1553-4114-A218-1783289FA6BC}
		{DA8615F0-51E4-47F6-B65F-A3AD77CE3E5B} = {736C24B1-1553-4114-A218-1783289FA6BC}
		{C6FB6E6A-F9B6-4409-9843-955A669C4653} = {736C24B1-1553-4114-A218-1783289FA6BC}
		{C3EEE024-E67A-4332-9203-CA23063E742D} = {736C24B1-1553-4114-A218-1783289FA6BC}
		{5B4FC7FF-43DA-4CD9-9E4A-CF4E3221BD02} = {736C24B1-1553-4114-A218-1783289FA6BC}
		{774BAB47-4826-4877-A955-2E5BB900BEE1} = {736C24B1-1553-4114-A218-1783289FA6BC}
		{4E0B8946-4A63-45B4-85AB-228E83D4F70F} = {736C24B1-1553-4114-A218-1783289FA6BC}
		{38CDE4AC-E78B-49AA-B448-29D470AB8FFE} = {736C24B1-1553-4114-A218-1783289FA6BC}
		{0360F2B7-6BB6-43B1-85EF-5535DD671A8B} = {736C24B1-1553-4114-A218-1783289FA6BC}
		{AA853E99-B665-4D7F-ACA3-B7AAD1C2DE47} = {A6B5BA30-EA1B-4126-8715-01905B8A01DF}
		{AF605894-5DEF-4527-A4BD-48C7C06E1E12} = {A6B5BA30-EA1B-4126-8715-01905B8A01DF}
		{89D8B799-7506-4D5A-B64B-19B23EB27682} = {A6B5BA30-EA1B-4126-8715-01905B8A01DF}
		{15919C1C-034D-42EA-982A-635C23167A1E} = {A6B5BA30-EA1B-4126-8715-01905B8A01DF}
		{75AF028C-29A2-4A18-B45E-62ABEE4959D1} = {A6B5BA30-EA1B-4126-8715-01905B8A01DF}
		{641B680B-489E-4D42-A279-CDF91B1540A1} = {A6B5BA30-EA1B-4126-8715-01905B8A01DF}
		{D5018264-C33D-4507-B987-D8ABB6A1C76E} = {A6B5BA30-EA1B-4126-8715-01905B8A01DF}
		{9904D35C-C5EF-4288-8970-5F1883A148BF} = {A6B5BA30-EA1B-4126-8715-01905B8A01DF}
		{6C8EBADE-7297-4989-9D9E-5A4E09C83B55} = {A6B5BA30-EA1B-4126-8715-01905B8A01DF}
		{BE0EF506-1029-4355-846D-A69C2EA1DE55} = {A6B5BA30-EA1B-4126-8715-01905B8A01DF}
		{6805B659-4704-43CD-B000-3BE53AC6AE68} = {A6B5BA30-EA1B-4126-8715-01905B8A01DF}
		{CFD2C886-0A16-410F-8A2A-8F37A14674B6} = {A6B5BA30-EA1B-4126-8715-01905B8A01DF}
		{8CB38579-7CDB-40C1-AB81-6DAC3895F4AB} = {A6B5BA30-EA1B-4126-8715-01905B8A01DF}
		{93DE561E-DC5E-40D3-9530-1F0AA3081E0C} = {A6B5BA30-EA1B-4126-8715-01905B8A01DF}
		{BA157699-F2A3-4874-9C13-B0B98430A455} = {A6B5BA30-EA1B-4126-8715-01905B8A01DF}
		{5D972047-5BD9-4867-A9F5-2B3995869966} = {A6B5BA30-EA1B-4126-8715-01905B8A01DF}
		{43B9012C-0AD3-4031-AF16-CE548E4CC46A} = {A6B5BA30-EA1B-4126-8715-01905B8A01DF}
		{AEF1310E-3E42-430C-AEE1-7FF6C3D6E43B} = {A6B5BA30-EA1B-4126-8715-01905B8A01DF}
		{DA85C2D5-81DA-4250-9EFF-A257F7ED1F47} = {A6B5BA30-EA1B-4126-8715-01905B8A01DF}
		{EE04FF70-9CE9-4E49-82BD-E932BA66BA66} = {F8A74926-A3E6-4FA2-84DB-D43B254B8ED4}
		{77BF106C-47C2-48B5-A69C-3B13D6262EE7} = {F8A74926-A3E6-4FA2-84DB-D43B254B8ED4}
		{977DF2CD-1FBD-43CC-B916-BC66ABE4E5FB} = {F8A74926-A3E6-4FA2-84DB-D43B254B8ED4}
		{D0A6220A-2461-4D6E-8F6B-56BF6B6A2909} = {F8A74926-A3E6-4FA2-84DB-D43B254B8ED4}
		{AEC8512A-25B2-4A82-8819-EED2F39A0673} = {F8A74926-A3E6-4FA2-84DB-D43B254B8ED4}
		{F3E7E246-F2CD-4020-B1EB-6321257882A9} = {F8A74926-A3E6-4FA2-84DB-D43B254B8ED4}
		{F902889B-7E39-4389-BA31-0A33EB2944E3} = {F8A74926-A3E6-4FA2-84DB-D43B254B8ED4}
		{D9DDDF80-C65C-4963-A063-F40F07FF2F80} = {F8A74926-A3E6-4FA2-84DB-D43B254B8ED4}
		{70159E39-8682-4D0B-B96B-2B89191BF6F9} = {F8A74926-A3E6-4FA2-84DB-D43B254B8ED4}
		{F46781D6-CE28-49D5-B716-BA83323859A6} = {F8A74926-A3E6-4FA2-84DB-D43B254B8ED4}
	EndGlobalSection
	GlobalSection(ExtensibilityGlobals) = postSolution
		SolutionGuid = {595D9ECB-6DD7-4439-8B4C-1657587E8788}
	EndGlobalSection
EndGlobal
